{
    "_meta": {
        "hash": {
            "sha256": "928cfd5856d79432b9e840161ef6ca4bcdbd732d33e821e5f4d459a396979725"
        },
        "pipfile-spec": 6,
        "requires": {
            "python_version": "3.8"
        },
        "sources": [
            {
                "name": "pypi",
                "url": "https://pypi.org/simple",
                "verify_ssl": true
            }
        ]
    },
    "default": {
        "llvmlite": {
            "hashes": [
                "sha256:10f444ab648fb4b0ca266d0dcd201892aa8051db11f5dc98dc79631fc6bbf528",
                "sha256:4b510150a5cba35f3014ce7614c4b4d2b8a5aeeebe930693825711d66c8f127f",
                "sha256:4d1ed8d1d20cf57fdfff8560740283c28f44b2dd6c3749e4677c3e19b914da0a",
                "sha256:6365f3bd781512506761e081ae88722f7acdd389ae486512d3612cdbbaf1b3f4",
                "sha256:6383bf98f71c0ccafb20ed1fc560127c26b8db9a2f3aeb09d2be4ae26c3d2674",
                "sha256:733c8a191fa8294abb4f6a699306339b19afce84c6fc29646b5c40be92fdee41",
                "sha256:75120207100c87ecf0a4bf297cd7da2ff04bf2a97aecfa2d327723f83e457779",
                "sha256:80e51d5aa02ad72da9870e89d21f9b152b0220ca551b4596a6c0614bcde336fc",
                "sha256:822975d3ad2861d163ce7b1474e32e6ca7c6a6e76143c461ffc43aedfb610857",
                "sha256:8381b5530b4064a913e0bf1fb5cdd714ddd1834e0496a9343c905be5683e013a",
                "sha256:9166ed996df3e345409bd4d98bae58e0b5e85eb2f4c32b186ff5c9ae93448da5",
                "sha256:aa844f9c0961799530915b45545c287bec1970399da27629a8d9e762ab55de9f",
                "sha256:c541226f3ceb5bd311ef4786ad0ccfff2ed10fa601b4788b7fe8164c16719ba0",
                "sha256:d5fcb329c3a8c69f280b57f91833f8a939e6688eebd4614cf6d3e04424ef3330",
                "sha256:d99059da5630d4c38b155ef0cccd34932a8d16e2c5d18b29ec6d6ec06ef3c8b7",
                "sha256:f36f1ee5905c5e91254376db7df9163aa7793cfd79220a98ef3c9b59895f0008"
            ],
            "markers": "python_version >= '3.6'",
            "version": "==0.35.0"
        },
        "numba": {
            "hashes": [
                "sha256:0115d0a69b3eacaa7d762b5c6b5f03179bb848470af7188785c03b2e1b3ca857",
                "sha256:17c799904ab890107895e376a52912b0bf8c05d60930acd6761d48ad3ee4f155",
                "sha256:1e60e29efe9f9b6f4378c3890a61701d961e76990ecfce4f0dd59bc728089f7d",
                "sha256:227c766ccc4730766a225d27b047b8099857fc5000d323e182d95fa4cd21ad13",
                "sha256:2edfdaff425c3ca88f67c8560fb1566de323259706b2af6c1116542d2a5a642d",
                "sha256:44661c5bd85e3d3619be0a40eedee34e397e9ccb3d4c458b70e10bf95d1ce933",
                "sha256:4a99d8110f92f1c03fb63d676083c0512c725b196b5513295808ef7402e4854a",
                "sha256:668bd792635914160e42f7fa900d9daa013bdaa9d6dae9f557454ac5bd084ba7",
                "sha256:774aae8b3cd90338a79bd2cabd4e2c28d470102019ecd7913d9f71dbdff36c04",
                "sha256:77b726448d778cb8637a50c3be151a14a7e698a4a7b1a698ac34160482505da5",
                "sha256:a19e543a254caca74acd494438ca30292854e0291e5e91a2e54b50714b4428c3",
                "sha256:a489119db86896d23b608bb77c2702cc72289d1281bcf123f4bc4cdec5e72879",
                "sha256:b213436ee6f8c18a92d5bc2e6129111c47e1b1cec890ddf8d7ae0b38f62da70e",
                "sha256:c6a8b52b260549a0496ee5a0e785153ddc26569c824da39775e762711ef53938",
                "sha256:e8e9274bda21782928bcdf4919cd1854fa1c0962461f385f6f5c686aeceed847",
                "sha256:ed9a3704827055c0882d9aff2f8785bcd9a5fe7eae044459cc0d5f3e0a80706b"
            ],
            "index": "pypi",
            "version": "==0.52.0"
        },
        "numpy": {
            "hashes": [
                "sha256:0ee77786eebbfa37f2141fd106b549d37c89207a0d01d8852fde1c82e9bfc0e7",
                "sha256:199bebc296bd8a5fc31c16f256ac873dd4d5b4928dfd50e6c4995570fc71a8f3",
                "sha256:1a307bdd3dd444b1d0daa356b5f4c7de2e24d63bdc33ea13ff718b8ec4c6a268",
                "sha256:1ea7e859f16e72ab81ef20aae69216cfea870676347510da9244805ff9670170",
                "sha256:271139653e8b7a046d11a78c0d33bafbddd5c443a5b9119618d0652a4eb3a09f",
                "sha256:35bf5316af8dc7c7db1ad45bec603e5fb28671beb98ebd1d65e8059efcfd3b72",
                "sha256:463792a249a81b9eb2b63676347f996d3f0082c2666fd0604f4180d2e5445996",
                "sha256:50d3513469acf5b2c0406e822d3f314d7ac5788c2b438c24e5dd54d5a81ef522",
                "sha256:50f68ebc439821b826823a8da6caa79cd080dee2a6d5ab9f1163465a060495ed",
                "sha256:51e8d2ae7c7e985c7bebf218e56f72fa93c900ad0c8a7d9fbbbf362f45710f69",
                "sha256:522053b731e11329dd52d258ddf7de5288cae7418b55e4b7d32f0b7e31787e9d",
                "sha256:5ea4401ada0d3988c263df85feb33818dc995abc85b8125f6ccb762009e7bc68",
                "sha256:604d2e5a31482a3ad2c88206efd43d6fcf666ada1f3188fd779b4917e49b7a98",
                "sha256:6ff88bcf1872b79002569c63fe26cd2cda614e573c553c4d5b814fb5eb3d2822",
                "sha256:7197ee0a25629ed782c7bd01871ee40702ffeef35bc48004bc2fdcc71e29ba9d",
                "sha256:741d95eb2b505bb7a99fbf4be05fa69f466e240c2b4f2d3ddead4f1b5f82a5a5",
                "sha256:83af653bb92d1e248ccf5fdb05ccc934c14b936bcfe9b917dc180d3f00250ac6",
                "sha256:8802d23e4895e0c65e418abe67cdf518aa5cbb976d97f42fd591f921d6dffad0",
                "sha256:8edc4d687a74d0a5f8b9b26532e860f4f85f56c400b3a98899fc44acb5e27add",
                "sha256:942d2cdcb362739908c26ce8dd88db6e139d3fa829dd7452dd9ff02cba6b58b2",
                "sha256:9a0669787ba8c9d3bb5de5d9429208882fb47764aa79123af25c5edc4f5966b9",
                "sha256:9d08d84bb4128abb9fbd9f073e5c69f70e5dab991a9c42e5b4081ea5b01b5db0",
                "sha256:9f7f56b5e85b08774939622b7d45a5d00ff511466522c44fc0756ac7692c00f2",
                "sha256:a2daea1cba83210c620e359de2861316f49cc7aea8e9a6979d6cb2ddab6dda8c",
                "sha256:b9074d062d30c2779d8af587924f178a539edde5285d961d2dfbecbac9c4c931",
                "sha256:c4aa79993f5d856765819a3651117520e41ac3f89c3fc1cb6dee11aa562df6da",
                "sha256:d78294f1c20f366cde8a75167f822538a7252b6e8b9d6dbfb3bdab34e7c1929e",
                "sha256:dfdc8b53aa9838b9d44ed785431ca47aa3efaa51d0d5dd9c412ab5247151a7c4",
                "sha256:dffed17848e8b968d8d3692604e61881aa6ef1f8074c99e81647ac84f6038535",
                "sha256:e080087148fd70469aade2abfeadee194357defd759f9b59b349c6192aba994c",
                "sha256:e983cbabe10a8989333684c98fdc5dd2f28b236216981e0c26ed359aaa676772",
                "sha256:ea6171d2d8d648dee717457d0f75db49ad8c2f13100680e284d7becf3dc311a6",
                "sha256:eefc13863bf01583a85e8c1121a901cc7cb8f059b960c4eba30901e2e6aba95f",
                "sha256:efd656893171bbf1331beca4ec9f2e74358fc732a2084f664fd149cc4b3441d2"
            ],
            "index": "pypi",
            "version": "==1.19.3"
        }
    },
    "develop": {}
}
